Microsoft Visual Studio Solution File, Format Version 11.00
# Visual Studio 2008

Project("{47F4519F-4D80-12A6-B008-3B228E692010}") = "ExpertGuardDemo", "Assembly-CSharp.csproj", "{A410FD2C-CC69-20E9-044F-6C70FC3520E3}"
EndProject
Global
	GlobalSection(SolutionConfigurationPlatforms) = preSolution
		Debug|Any CPU = Debug|Any CPU
		Release|Any CPU = Release|Any CPU
	EndGlobalSection
	GlobalSection(ProjectConfigurationPlatforms) = postSolution
		{A410FD2C-CC69-20E9-044F-6C70FC3520E3}.Debug|Any CPU.ActiveCfg = Debug|Any CPU
		{A410FD2C-CC69-20E9-044F-6C70FC3520E3}.Debug|Any CPU.Build.0 = Debug|Any CPU
		{A410FD2C-CC69-20E9-044F-6C70FC3520E3}.Release|Any CPU.ActiveCfg = Release|Any CPU
		{A410FD2C-CC69-20E9-044F-6C70FC3520E3}.Release|Any CPU.Build.0 = Release|Any CPU
	EndGlobalSection
	GlobalSection(SolutionProperties) = preSolution
		HideSolutionNode = FALSE
	EndGlobalSection
	GlobalSection(MonoDevelopProperties) = preSolution
		StartupItem = Assembly-CSharp.csproj
	EndGlobalSection
EndGlobal
