Microsoft Visual Studio Solution File, Format Version 11.00
# Visual Studio 2008

Project("{FBC41B46-97B2-A987-5823-98F43CDD1FB4}") = "DroneDemo", "Assembly-CSharp.csproj", "{162E2424-89D3-2394-F140-6AD6DF636E96}"
EndProject
Global
	GlobalSection(SolutionConfigurationPlatforms) = preSolution
		Debug|Any CPU = Debug|Any CPU
		Release|Any CPU = Release|Any CPU
	EndGlobalSection
	GlobalSection(ProjectConfigurationPlatforms) = postSolution
		{162E2424-89D3-2394-F140-6AD6DF636E96}.Debug|Any CPU.ActiveCfg = Debug|Any CPU
		{162E2424-89D3-2394-F140-6AD6DF636E96}.Debug|Any CPU.Build.0 = Debug|Any CPU
		{162E2424-89D3-2394-F140-6AD6DF636E96}.Release|Any CPU.ActiveCfg = Release|Any CPU
		{162E2424-89D3-2394-F140-6AD6DF636E96}.Release|Any CPU.Build.0 = Release|Any CPU
	EndGlobalSection
	GlobalSection(SolutionProperties) = preSolution
		HideSolutionNode = FALSE
	EndGlobalSection
	GlobalSection(MonoDevelopProperties) = preSolution
		StartupItem = Assembly-CSharp.csproj
	EndGlobalSection
EndGlobal
