Microsoft Visual Studio Solution File, Format Version 11.00
# Visual Studio 2008

Project("{D52129F1-0A49-B47F-1F50-A8EB027C57FD}") = "LaserDemo", "Assembly-CSharp.csproj", "{C3533461-13AD-F0AC-87B3-D356AAD9AE40}"
EndProject
Global
	GlobalSection(SolutionConfigurationPlatforms) = preSolution
		Debug|Any CPU = Debug|Any CPU
		Release|Any CPU = Release|Any CPU
	EndGlobalSection
	GlobalSection(ProjectConfigurationPlatforms) = postSolution
		{C3533461-13AD-F0AC-87B3-D356AAD9AE40}.Debug|Any CPU.ActiveCfg = Debug|Any CPU
		{C3533461-13AD-F0AC-87B3-D356AAD9AE40}.Debug|Any CPU.Build.0 = Debug|Any CPU
		{C3533461-13AD-F0AC-87B3-D356AAD9AE40}.Release|Any CPU.ActiveCfg = Release|Any CPU
		{C3533461-13AD-F0AC-87B3-D356AAD9AE40}.Release|Any CPU.Build.0 = Release|Any CPU
	EndGlobalSection
	GlobalSection(SolutionProperties) = preSolution
		HideSolutionNode = FALSE
	EndGlobalSection
	GlobalSection(MonoDevelopProperties) = preSolution
		StartupItem = Assembly-CSharp.csproj
	EndGlobalSection
EndGlobal
